// !$*UTF8*$!
{
	archiveVersion = 1;
	classes = {
	};
	objectVersion = 77;
	objects = {

/* Begin PBXBuildFile section */
		882D2F142EAEB85900B6C16B /* ContentView.swift in Sources */ = {isa = PBXBuildFile; fileRef = 882D2F112EAEB85900B6C16B /* ContentView.swift */; };
		882D2F152EAEB85900B6C16B /* SwiftSocialApp.swift in Sources */ = {isa = PBXBuildFile; fileRef = 882D2F122EAEB85900B6C16B /* SwiftSocialApp.swift */; };
		882D2F162EAEB85900B6C16B /* Assets.xcassets in Resources */ = {isa = PBXBuildFile; fileRef = 882D2F102EAEB85900B6C16B /* Assets.xcassets */; };
		882D2F262EAEBA7A00B6C16B /* Config-Dev.xcconfig in Resources */ = {isa = PBXBuildFile; fileRef = 882D2F252EAEBA7A00B6C16B /* Config-Dev.xcconfig */; };
		882D2F282EAEBA8D00B6C16B /* Config-Prod.xcconfig in Resources */ = {isa = PBXBuildFile; fileRef = 882D2F272EAEBA8D00B6C16B /* Config-Prod.xcconfig */; };
		882D2F2B2EAEBFC400B6C16B /* FirebaseAuth in Frameworks */ = {isa = PBXBuildFile; productRef = 882D2F2A2EAEBFC400B6C16B /* FirebaseAuth */; };
		882D2F2D2EAEBFC400B6C16B /* FirebaseFirestore in Frameworks */ = {isa = PBXBuildFile; productRef = 882D2F2C2EAEBFC400B6C16B /* FirebaseFirestore */; };
		882D2F2F2EAEBFC400B6C16B /* FirebaseStorage in Frameworks */ = {isa = PBXBuildFile; productRef = 882D2F2E2EAEBFC400B6C16B /* FirebaseStorage */; };
		882D2F322EAEC01000B6C16B /* GoogleService-Info-Dev.plist in Resources */ = {isa = PBXBuildFile; fileRef = 882D2F302EAEC01000B6C16B /* GoogleService-Info-Dev.plist */; };
		882D2F332EAEC01000B6C16B /* GoogleService-Info-Prod.plist in Resources */ = {isa = PBXBuildFile; fileRef = 882D2F312EAEC01000B6C16B /* GoogleService-Info-Prod.plist */; };
		882D2F352EAEC13F00B6C16B /* Logger.swift in Sources */ = {isa = PBXBuildFile; fileRef = 882D2F342EAEC13E00B6C16B /* Logger.swift */; };
		882D2F372EAECB2B00B6C16B /* SignUpView.swift in Sources */ = {isa = PBXBuildFile; fileRef = 882D2F362EAECB2900B6C16B /* SignUpView.swift */; };
		884148832EAF36F900CCF493 /* SignUpViewModel.swift in Sources */ = {isa = PBXBuildFile; fileRef = 884148822EAF36F200CCF493 /* SignUpViewModel.swift */; };
/* End PBXBuildFile section */

/* Begin PBXFileReference section */
		882D2F022EAEB58000B6C16B /* SwiftSocial.app */ = {isa = PBXFileReference; explicitFileType = wrapper.application; includeInIndex = 0; path = SwiftSocial.app; sourceTree = BUILT_PRODUCTS_DIR; };
		882D2F102EAEB85900B6C16B /* Assets.xcassets */ = {isa = PBXFileReference; lastKnownFileType = folder.assetcatalog; path = Assets.xcassets; sourceTree = "<group>"; };
		882D2F112EAEB85900B6C16B /* ContentView.swift */ = {isa = PBXFileReference; lastKnownFileType = sourcecode.swift; path = ContentView.swift; sourceTree = "<group>"; };
		882D2F122EAEB85900B6C16B /* SwiftSocialApp.swift */ = {isa = PBXFileReference; lastKnownFileType = sourcecode.swift; path = SwiftSocialApp.swift; sourceTree = "<group>"; };
		882D2F252EAEBA7A00B6C16B /* Config-Dev.xcconfig */ = {isa = PBXFileReference; lastKnownFileType = text.xcconfig; path = "Config-Dev.xcconfig"; sourceTree = "<group>"; };
		882D2F272EAEBA8D00B6C16B /* Config-Prod.xcconfig */ = {isa = PBXFileReference; lastKnownFileType = text.xcconfig; path = "Config-Prod.xcconfig"; sourceTree = "<group>"; };
		882D2F302EAEC01000B6C16B /* GoogleService-Info-Dev.plist */ = {isa = PBXFileReference; lastKnownFileType = text.plist.xml; path = "GoogleService-Info-Dev.plist"; sourceTree = "<group>"; };
		882D2F312EAEC01000B6C16B /* GoogleService-Info-Prod.plist */ = {isa = PBXFileReference; lastKnownFileType = text.plist.xml; path = "GoogleService-Info-Prod.plist"; sourceTree = "<group>"; };
		882D2F342EAEC13E00B6C16B /* Logger.swift */ = {isa = PBXFileReference; lastKnownFileType = sourcecode.swift; path = Logger.swift; sourceTree = "<group>"; };
		882D2F362EAECB2900B6C16B /* SignUpView.swift */ = {isa = PBXFileReference; lastKnownFileType = sourcecode.swift; path = SignUpView.swift; sourceTree = "<group>"; };
		884148822EAF36F200CCF493 /* SignUpViewModel.swift */ = {isa = PBXFileReference; lastKnownFileType = sourcecode.swift; path = SignUpViewModel.swift; sourceTree = "<group>"; };
/* End PBXFileReference section */

/* Begin PBXFrameworksBuildPhase section */
		882D2EFF2EAEB58000B6C16B /* Frameworks */ = {
			isa = PBXFrameworksBuildPhase;
			buildActionMask = 2147483647;
			files = (
				882D2F2B2EAEBFC400B6C16B /* FirebaseAuth in Frameworks */,
				882D2F2D2EAEBFC400B6C16B /* FirebaseFirestore in Frameworks */,
				882D2F2F2EAEBFC400B6C16B /* FirebaseStorage in Frameworks */,
			);
			runOnlyForDeploymentPostprocessing = 0;
		};
/* End PBXFrameworksBuildPhase section */

/* Begin PBXGroup section */
		882D2EF92EAEB58000B6C16B = {
			isa = PBXGroup;
			children = (
				882D2F132EAEB85900B6C16B /* SwiftSocial */,
				882D2F032EAEB58000B6C16B /* Products */,
			);
			sourceTree = "<group>";
		};
		882D2F032EAEB58000B6C16B /* Products */ = {
			isa = PBXGroup;
			children = (
				882D2F022EAEB58000B6C16B /* SwiftSocial.app */,
			);
			name = Products;
			sourceTree = "<group>";
		};
		882D2F132EAEB85900B6C16B /* SwiftSocial */ = {
			isa = PBXGroup;
			children = (
				882D2F242EAEB8D800B6C16B /* Configs */,
				882D2F232EAEB8C400B6C16B /* App */,
				882D2F1A2EAEB87400B6C16B /* Presentation */,
				882D2F192EAEB87000B6C16B /* Domain */,
				882D2F182EAEB86B00B6C16B /* Data */,
				882D2F172EAEB85D00B6C16B /* Utilities */,
				882D2F222EAEB8B600B6C16B /* Resources */,
			);
			path = SwiftSocial;
			sourceTree = "<group>";
		};
		882D2F172EAEB85D00B6C16B /* Utilities */ = {
			isa = PBXGroup;
			children = (
				882D2F342EAEC13E00B6C16B /* Logger.swift */,
			);
			path = Utilities;
			sourceTree = "<group>";
		};
		882D2F182EAEB86B00B6C16B /* Data */ = {
			isa = PBXGroup;
			children = (
				882D2F212EAEB8A900B6C16B /* Repositories */,
				882D2F202EAEB8A300B6C16B /* DataSources */,
			);
			path = Data;
			sourceTree = "<group>";
		};
		882D2F192EAEB87000B6C16B /* Domain */ = {
			isa = PBXGroup;
			children = (
				882D2F1F2EAEB89C00B6C16B /* Models */,
				882D2F1E2EAEB89400B6C16B /* Repositories */,
				882D2F1D2EAEB88D00B6C16B /* UseCases */,
			);
			path = Domain;
			sourceTree = "<group>";
		};
		882D2F1A2EAEB87400B6C16B /* Presentation */ = {
			isa = PBXGroup;
			children = (
				882D2F1C2EAEB88500B6C16B /* Views */,
				882D2F1B2EAEB87F00B6C16B /* ViewModels */,
			);
			path = Presentation;
			sourceTree = "<group>";
		};
		882D2F1B2EAEB87F00B6C16B /* ViewModels */ = {
			isa = PBXGroup;
			children = (
				884148822EAF36F200CCF493 /* SignUpViewModel.swift */,
			);
			path = ViewModels;
			sourceTree = "<group>";
		};
		882D2F1C2EAEB88500B6C16B /* Views */ = {
			isa = PBXGroup;
			children = (
				882D2F362EAECB2900B6C16B /* SignUpView.swift */,
				882D2F112EAEB85900B6C16B /* ContentView.swift */,
			);
			path = Views;
			sourceTree = "<group>";
		};
		882D2F1D2EAEB88D00B6C16B /* UseCases */ = {
			isa = PBXGroup;
			children = (
			);
			path = UseCases;
			sourceTree = "<group>";
		};
		882D2F1E2EAEB89400B6C16B /* Repositories */ = {
			isa = PBXGroup;
			children = (
			);
			path = Repositories;
			sourceTree = "<group>";
		};
		882D2F1F2EAEB89C00B6C16B /* Models */ = {
			isa = PBXGroup;
			children = (
			);
			path = Models;
			sourceTree = "<group>";
		};
		882D2F202EAEB8A300B6C16B /* DataSources */ = {
			isa = PBXGroup;
			children = (
			);
			path = DataSources;
			sourceTree = "<group>";
		};
		882D2F212EAEB8A900B6C16B /* Repositories */ = {
			isa = PBXGroup;
			children = (
			);
			path = Repositories;
			sourceTree = "<group>";
		};
		882D2F222EAEB8B600B6C16B /* Resources */ = {
			isa = PBXGroup;
			children = (
				882D2F102EAEB85900B6C16B /* Assets.xcassets */,
			);
			path = Resources;
			sourceTree = "<group>";
		};
		882D2F232EAEB8C400B6C16B /* App */ = {
			isa = PBXGroup;
			children = (
				882D2F122EAEB85900B6C16B /* SwiftSocialApp.swift */,
			);
			path = App;
			sourceTree = "<group>";
		};
		882D2F242EAEB8D800B6C16B /* Configs */ = {
			isa = PBXGroup;
			children = (
				882D2F302EAEC01000B6C16B /* GoogleService-Info-Dev.plist */,
				882D2F312EAEC01000B6C16B /* GoogleService-Info-Prod.plist */,
				882D2F252EAEBA7A00B6C16B /* Config-Dev.xcconfig */,
				882D2F272EAEBA8D00B6C16B /* Config-Prod.xcconfig */,
			);
			path = Configs;
			sourceTree = "<group>";
		};
/* End PBXGroup section */

/* Begin PBXNativeTarget section */
		882D2F012EAEB58000B6C16B /* SwiftSocial */ = {
			isa = PBXNativeTarget;
			buildConfigurationList = 882D2F0D2EAEB58100B6C16B /* Build configuration list for PBXNativeTarget "SwiftSocial" */;
			buildPhases = (
				882D2EFE2EAEB58000B6C16B /* Sources */,
				882D2EFF2EAEB58000B6C16B /* Frameworks */,
				882D2F002EAEB58000B6C16B /* Resources */,
			);
			buildRules = (
			);
			dependencies = (
			);
			name = SwiftSocial;
			packageProductDependencies = (
				882D2F2A2EAEBFC400B6C16B /* FirebaseAuth */,
				882D2F2C2EAEBFC400B6C16B /* FirebaseFirestore */,
				882D2F2E2EAEBFC400B6C16B /* FirebaseStorage */,
			);
			productName = SwiftSocial;
			productReference = 882D2F022EAEB58000B6C16B /* SwiftSocial.app */;
			productType = "com.apple.product-type.application";
		};
/* End PBXNativeTarget section */

/* Begin PBXProject section */
		882D2EFA2EAEB58000B6C16B /* Project object */ = {
			isa = PBXProject;
			attributes = {
				BuildIndependentTargetsInParallel = 1;
				LastSwiftUpdateCheck = 2600;
				LastUpgradeCheck = 2600;
				TargetAttributes = {
					882D2F012EAEB58000B6C16B = {
						CreatedOnToolsVersion = 26.0.1;
					};
				};
			};
			buildConfigurationList = 882D2EFD2EAEB58000B6C16B /* Build configuration list for PBXProject "SwiftSocial" */;
			developmentRegion = en;
			hasScannedForEncodings = 0;
			knownRegions = (
				en,
				Base,
			);
			mainGroup = 882D2EF92EAEB58000B6C16B;
			minimizedProjectReferenceProxies = 1;
			packageReferences = (
				882D2F292EAEBFC400B6C16B /* XCRemoteSwiftPackageReference "firebase-ios-sdk" */,
			);
			preferredProjectObjectVersion = 77;
			productRefGroup = 882D2F032EAEB58000B6C16B /* Products */;
			projectDirPath = "";
			projectRoot = "";
			targets = (
				882D2F012EAEB58000B6C16B /* SwiftSocial */,
			);
		};
/* End PBXProject section */

/* Begin PBXResourcesBuildPhase section */
		882D2F002EAEB58000B6C16B /* Resources */ = {
			isa = PBXResourcesBuildPhase;
			buildActionMask = 2147483647;
			files = (
				882D2F262EAEBA7A00B6C16B /* Config-Dev.xcconfig in Resources */,
				882D2F322EAEC01000B6C16B /* GoogleService-Info-Dev.plist in Resources */,
				882D2F332EAEC01000B6C16B /* GoogleService-Info-Prod.plist in Resources */,
				882D2F282EAEBA8D00B6C16B /* Config-Prod.xcconfig in Resources */,
				882D2F162EAEB85900B6C16B /* Assets.xcassets in Resources */,
			);
			runOnlyForDeploymentPostprocessing = 0;
		};
/* End PBXResourcesBuildPhase section */

/* Begin PBXSourcesBuildPhase section */
		882D2EFE2EAEB58000B6C16B /* Sources */ = {
			isa = PBXSourcesBuildPhase;
			buildActionMask = 2147483647;
			files = (
				882D2F372EAECB2B00B6C16B /* SignUpView.swift in Sources */,
				882D2F142EAEB85900B6C16B /* ContentView.swift in Sources */,
				884148832EAF36F900CCF493 /* SignUpViewModel.swift in Sources */,
				882D2F352EAEC13F00B6C16B /* Logger.swift in Sources */,
				882D2F152EAEB85900B6C16B /* SwiftSocialApp.swift in Sources */,
			);
			runOnlyForDeploymentPostprocessing = 0;
		};
/* End PBXSourcesBuildPhase section */

/* Begin XCBuildConfiguration section */
		882D2F0B2EAEB58100B6C16B /* Debug */ = {
			isa = XCBuildConfiguration;
			baseConfigurationReference = 882D2F252EAEBA7A00B6C16B /* Config-Dev.xcconfig */;
			buildSettings = {
				ALWAYS_SEARCH_USER_PATHS = NO;
				ASSETCATALOG_COMPILER_GENERATE_SWIFT_ASSET_SYMBOL_EXTENSIONS = YES;
				CLANG_ANALYZER_NONNULL = YES;
				CLANG_ANALYZER_NUMBER_OBJECT_CONVERSION = YES_AGGRESSIVE;
				CLANG_CXX_LANGUAGE_STANDARD = "gnu++20";
				CLANG_ENABLE_MODULES = YES;
				CLANG_ENABLE_OBJC_ARC = YES;
				CLANG_ENABLE_OBJC_WEAK = YES;
				CLANG_WARN_BLOCK_CAPTURE_AUTORELEASING = YES;
				CLANG_WARN_BOOL_CONVERSION = YES;
				CLANG_WARN_COMMA = YES;
				CLANG_WARN_CONSTANT_CONVERSION = YES;
				CLANG_WARN_DEPRECATED_OBJC_IMPLEMENTATIONS = YES;
				CLANG_WARN_DIRECT_OBJC_ISA_USAGE = YES_ERROR;
				CLANG_WARN_DOCUMENTATION_COMMENTS = YES;
				CLANG_WARN_EMPTY_BODY = YES;
				CLANG_WARN_ENUM_CONVERSION = YES;
				CLANG_WARN_INFINITE_RECURSION = YES;
				CLANG_WARN_INT_CONVERSION = YES;
				CLANG_WARN_NON_LITERAL_NULL_CONVERSION = YES;
				CLANG_WARN_OBJC_IMPLICIT_RETAIN_SELF = YES;
				CLANG_WARN_OBJC_LITERAL_CONVERSION = YES;
				CLANG_WARN_OBJC_ROOT_CLASS = YES_ERROR;
				CLANG_WARN_QUOTED_INCLUDE_IN_FRAMEWORK_HEADER = YES;
				CLANG_WARN_RANGE_LOOP_ANALYSIS = YES;
				CLANG_WARN_STRICT_PROTOTYPES = YES;
				CLANG_WARN_SUSPICIOUS_MOVE = YES;
				CLANG_WARN_UNGUARDED_AVAILABILITY = YES_AGGRESSIVE;
				CLANG_WARN_UNREACHABLE_CODE = YES;
				CLANG_WARN__DUPLICATE_METHOD_MATCH = YES;
				COPY_PHASE_STRIP = NO;
				DEBUG_INFORMATION_FORMAT = dwarf;
				DEVELOPMENT_TEAM = DR2WPVPVRV;
				ENABLE_STRICT_OBJC_MSGSEND = YES;
				ENABLE_TESTABILITY = YES;
				ENABLE_USER_SCRIPT_SANDBOXING = YES;
				GCC_C_LANGUAGE_STANDARD = gnu17;
				GCC_DYNAMIC_NO_PIC = NO;
				GCC_NO_COMMON_BLOCKS = YES;
				GCC_OPTIMIZATION_LEVEL = 0;
				GCC_PREPROCESSOR_DEFINITIONS = (
					"DEBUG=1",
					"$(inherited)",
				);
				GCC_WARN_64_TO_32_BIT_CONVERSION = YES;
				GCC_WARN_ABOUT_RETURN_TYPE = YES_ERROR;
				GCC_WARN_UNDECLARED_SELECTOR = YES;
				GCC_WARN_UNINITIALIZED_AUTOS = YES_AGGRESSIVE;
				GCC_WARN_UNUSED_FUNCTION = YES;
				GCC_WARN_UNUSED_VARIABLE = YES;
				IPHONEOS_DEPLOYMENT_TARGET = 26.0;
				LOCALIZATION_PREFERS_STRING_CATALOGS = YES;
				MTL_ENABLE_DEBUG_INFO = INCLUDE_SOURCE;
				MTL_FAST_MATH = YES;
				ONLY_ACTIVE_ARCH = YES;
				SDKROOT = iphoneos;
				SWIFT_ACTIVE_COMPILATION_CONDITIONS = "DEBUG $(inherited)";
				SWIFT_OPTIMIZATION_LEVEL = "-Onone";
			};
			name = Debug;
		};
		882D2F0C2EAEB58100B6C16B /* Release */ = {
			isa = XCBuildConfiguration;
			baseConfigurationReference = 882D2F272EAEBA8D00B6C16B /* Config-Prod.xcconfig */;
			buildSettings = {
				ALWAYS_SEARCH_USER_PATHS = NO;
				ASSETCATALOG_COMPILER_GENERATE_SWIFT_ASSET_SYMBOL_EXTENSIONS = YES;
				CLANG_ANALYZER_NONNULL = YES;
				CLANG_ANALYZER_NUMBER_OBJECT_CONVERSION = YES_AGGRESSIVE;
				CLANG_CXX_LANGUAGE_STANDARD = "gnu++20";
				CLANG_ENABLE_MODULES = YES;
				CLANG_ENABLE_OBJC_ARC = YES;
				CLANG_ENABLE_OBJC_WEAK = YES;
				CLANG_WARN_BLOCK_CAPTURE_AUTORELEASING = YES;
				CLANG_WARN_BOOL_CONVERSION = YES;
				CLANG_WARN_COMMA = YES;
				CLANG_WARN_CONSTANT_CONVERSION = YES;
				CLANG_WARN_DEPRECATED_OBJC_IMPLEMENTATIONS = YES;
				CLANG_WARN_DIRECT_OBJC_ISA_USAGE = YES_ERROR;
				CLANG_WARN_DOCUMENTATION_COMMENTS = YES;
				CLANG_WARN_EMPTY_BODY = YES;
				CLANG_WARN_ENUM_CONVERSION = YES;
				CLANG_WARN_INFINITE_RECURSION = YES;
				CLANG_WARN_INT_CONVERSION = YES;
				CLANG_WARN_NON_LITERAL_NULL_CONVERSION = YES;
				CLANG_WARN_OBJC_IMPLICIT_RETAIN_SELF = YES;
				CLANG_WARN_OBJC_LITERAL_CONVERSION = YES;
				CLANG_WARN_OBJC_ROOT_CLASS = YES_ERROR;
				CLANG_WARN_QUOTED_INCLUDE_IN_FRAMEWORK_HEADER = YES;
				CLANG_WARN_RANGE_LOOP_ANALYSIS = YES;
				CLANG_WARN_STRICT_PROTOTYPES = YES;
				CLANG_WARN_SUSPICIOUS_MOVE = YES;
				CLANG_WARN_UNGUARDED_AVAILABILITY = YES_AGGRESSIVE;
				CLANG_WARN_UNREACHABLE_CODE = YES;
				CLANG_WARN__DUPLICATE_METHOD_MATCH = YES;
				COPY_PHASE_STRIP = NO;
				DEBUG_INFORMATION_FORMAT = "dwarf-with-dsym";
				DEVELOPMENT_TEAM = DR2WPVPVRV;
				ENABLE_NS_ASSERTIONS = NO;
				ENABLE_STRICT_OBJC_MSGSEND = YES;
				ENABLE_USER_SCRIPT_SANDBOXING = YES;
				GCC_C_LANGUAGE_STANDARD = gnu17;
				GCC_NO_COMMON_BLOCKS = YES;
				GCC_WARN_64_TO_32_BIT_CONVERSION = YES;
				GCC_WARN_ABOUT_RETURN_TYPE = YES_ERROR;
				GCC_WARN_UNDECLARED_SELECTOR = YES;
				GCC_WARN_UNINITIALIZED_AUTOS = YES_AGGRESSIVE;
				GCC_WARN_UNUSED_FUNCTION = YES;
				GCC_WARN_UNUSED_VARIABLE = YES;
				IPHONEOS_DEPLOYMENT_TARGET = 26.0;
				LOCALIZATION_PREFERS_STRING_CATALOGS = YES;
				MTL_ENABLE_DEBUG_INFO = NO;
				MTL_FAST_MATH = YES;
				SDKROOT = iphoneos;
				SWIFT_COMPILATION_MODE = wholemodule;
				VALIDATE_PRODUCT = YES;
			};
			name = Release;
		};
		882D2F0E2EAEB58100B6C16B /* Debug */ = {
			isa = XCBuildConfiguration;
			baseConfigurationReference = 882D2F252EAEBA7A00B6C16B /* Config-Dev.xcconfig */;
			buildSettings = {
				ASSETCATALOG_COMPILER_APPICON_NAME = AppIcon;
				ASSETCATALOG_COMPILER_GLOBAL_ACCENT_COLOR_NAME = AccentColor;
				CODE_SIGN_STYLE = Automatic;
				CURRENT_PROJECT_VERSION = 1;
				DEVELOPMENT_TEAM = DR2WPVPVRV;
				ENABLE_PREVIEWS = YES;
				GENERATE_INFOPLIST_FILE = YES;
				INFOPLIST_KEY_UIApplicationSceneManifest_Generation = YES;
				INFOPLIST_KEY_UIApplicationSupportsIndirectInputEvents = YES;
				INFOPLIST_KEY_UILaunchScreen_Generation = YES;
				INFOPLIST_KEY_UISupportedInterfaceOrientations_iPad = "UIInterfaceOrientationPortrait UIInterfaceOrientationPortraitUpsideDown UIInterfaceOrientationLandscapeLeft UIInterfaceOrientationLandscapeRight";
				INFOPLIST_KEY_UISupportedInterfaceOrientations_iPhone = "UIInterfaceOrientationPortrait UIInterfaceOrientationLandscapeLeft UIInterfaceOrientationLandscapeRight";
				LD_RUNPATH_SEARCH_PATHS = (
					"$(inherited)",
					"@executable_path/Frameworks",
				);
				MARKETING_VERSION = 1.0;
				PRODUCT_BUNDLE_IDENTIFIER = com.phyomyanmarkyaw.SwiftSocial.dev;
				PRODUCT_NAME = "$(TARGET_NAME)";
				STRING_CATALOG_GENERATE_SYMBOLS = YES;
				SWIFT_APPROACHABLE_CONCURRENCY = YES;
				SWIFT_DEFAULT_ACTOR_ISOLATION = MainActor;
				SWIFT_EMIT_LOC_STRINGS = YES;
				SWIFT_UPCOMING_FEATURE_MEMBER_IMPORT_VISIBILITY = YES;
				SWIFT_VERSION = 5.0;
				TARGETED_DEVICE_FAMILY = "1,2";
			};
			name = Debug;
		};
		882D2F0F2EAEB58100B6C16B /* Release */ = {
			isa = XCBuildConfiguration;
			baseConfigurationReference = 882D2F272EAEBA8D00B6C16B /* Config-Prod.xcconfig */;
			buildSettings = {
				ASSETCATALOG_COMPILER_APPICON_NAME = AppIcon;
				ASSETCATALOG_COMPILER_GLOBAL_ACCENT_COLOR_NAME = AccentColor;
				CODE_SIGN_STYLE = Automatic;
				CURRENT_PROJECT_VERSION = 1;
				DEVELOPMENT_TEAM = DR2WPVPVRV;
				ENABLE_PREVIEWS = YES;
				GENERATE_INFOPLIST_FILE = YES;
				INFOPLIST_KEY_UIApplicationSceneManifest_Generation = YES;
				INFOPLIST_KEY_UIApplicationSupportsIndirectInputEvents = YES;
				INFOPLIST_KEY_UILaunchScreen_Generation = YES;
				INFOPLIST_KEY_UISupportedInterfaceOrientations_iPad = "UIInterfaceOrientationPortrait UIInterfaceOrientationPortraitUpsideDown UIInterfaceOrientationLandscapeLeft UIInterfaceOrientationLandscapeRight";
				INFOPLIST_KEY_UISupportedInterfaceOrientations_iPhone = "UIInterfaceOrientationPortrait UIInterfaceOrientationLandscapeLeft UIInterfaceOrientationLandscapeRight";
				LD_RUNPATH_SEARCH_PATHS = (
					"$(inherited)",
					"@executable_path/Frameworks",
				);
				MARKETING_VERSION = 1.0;
				PRODUCT_BUNDLE_IDENTIFIER = com.phyomyanmarkyaw.SwiftSocial;
				PRODUCT_NAME = "$(TARGET_NAME)";
				STRING_CATALOG_GENERATE_SYMBOLS = YES;
				SWIFT_APPROACHABLE_CONCURRENCY = YES;
				SWIFT_DEFAULT_ACTOR_ISOLATION = MainActor;
				SWIFT_EMIT_LOC_STRINGS = YES;
				SWIFT_UPCOMING_FEATURE_MEMBER_IMPORT_VISIBILITY = YES;
				SWIFT_VERSION = 5.0;
				TARGETED_DEVICE_FAMILY = "1,2";
			};
			name = Release;
		};
/* End XCBuildConfiguration section */

/* Begin XCConfigurationList section */
		882D2EFD2EAEB58000B6C16B /* Build configuration list for PBXProject "SwiftSocial" */ = {
			isa = XCConfigurationList;
			buildConfigurations = (
				882D2F0B2EAEB58100B6C16B /* Debug */,
				882D2F0C2EAEB58100B6C16B /* Release */,
			);
			defaultConfigurationIsVisible = 0;
			defaultConfigurationName = Release;
		};
		882D2F0D2EAEB58100B6C16B /* Build configuration list for PBXNativeTarget "SwiftSocial" */ = {
			isa = XCConfigurationList;
			buildConfigurations = (
				882D2F0E2EAEB58100B6C16B /* Debug */,
				882D2F0F2EAEB58100B6C16B /* Release */,
			);
			defaultConfigurationIsVisible = 0;
			defaultConfigurationName = Release;
		};
/* End XCConfigurationList section */

/* Begin XCRemoteSwiftPackageReference section */
		882D2F292EAEBFC400B6C16B /* XCRemoteSwiftPackageReference "firebase-ios-sdk" */ = {
			isa = XCRemoteSwiftPackageReference;
			repositoryURL = "https://github.com/firebase/firebase-ios-sdk.git";
			requirement = {
				kind = upToNextMajorVersion;
				minimumVersion = 12.4.0;
			};
		};
/* End XCRemoteSwiftPackageReference section */

/* Begin XCSwiftPackageProductDependency section */
		882D2F2A2EAEBFC400B6C16B /* FirebaseAuth */ = {
			isa = XCSwiftPackageProductDependency;
			package = 882D2F292EAEBFC400B6C16B /* XCRemoteSwiftPackageReference "firebase-ios-sdk" */;
			productName = FirebaseAuth;
		};
		882D2F2C2EAEBFC400B6C16B /* FirebaseFirestore */ = {
			isa = XCSwiftPackageProductDependency;
			package = 882D2F292EAEBFC400B6C16B /* XCRemoteSwiftPackageReference "firebase-ios-sdk" */;
			productName = FirebaseFirestore;
		};
		882D2F2E2EAEBFC400B6C16B /* FirebaseStorage */ = {
			isa = XCSwiftPackageProductDependency;
			package = 882D2F292EAEBFC400B6C16B /* XCRemoteSwiftPackageReference "firebase-ios-sdk" */;
			productName = FirebaseStorage;
		};
/* End XCSwiftPackageProductDependency section */
	};
	rootObject = 882D2EFA2EAEB58000B6C16B /* Project object */;
}
